
Microsoft Visual Studio Solution File, Format Version 12.00
# Visual Studio 2012
Project("{FAE04EC0-301F-11D3-BF4B-00C04F79EFBC}") = "SyncOMatic", "SyncOMatic\SyncOMatic.csproj", "{FA94AA77-F599-4740-BE67-0A2EE629047E}"
EndProject
Project("{FAE04EC0-301F-11D3-BF4B-00C04F79EFBC}") = "SyncOMatic.Tests", "SyncOMatic.Tests\SyncOMatic.Tests.csproj", "{8169A350-6F30-464D-87BE-145905F9B80B}"
EndProject
Global
	GlobalSection(SolutionConfigurationPlatforms) = preSolution
		Debug|Any CPU = Debug|Any CPU
		Release|Any CPU = Release|Any CPU
	EndGlobalSection
	GlobalSection(ProjectConfigurationPlatforms) = postSolution
		{FA94AA77-F599-4740-BE67-0A2EE629047E}.Debug|Any CPU.ActiveCfg = Debug|Any CPU
		{FA94AA77-F599-4740-BE67-0A2EE629047E}.Debug|Any CPU.Build.0 = Debug|Any CPU
		{FA94AA77-F599-4740-BE67-0A2EE629047E}.Release|Any CPU.ActiveCfg = Release|Any CPU
		{FA94AA77-F599-4740-BE67-0A2EE629047E}.Release|Any CPU.Build.0 = Release|Any CPU
		{8169A350-6F30-464D-87BE-145905F9B80B}.Debug|Any CPU.ActiveCfg = Debug|Any CPU
		{8169A350-6F30-464D-87BE-145905F9B80B}.Debug|Any CPU.Build.0 = Debug|Any CPU
		{8169A350-6F30-464D-87BE-145905F9B80B}.Release|Any CPU.ActiveCfg = Release|Any CPU
		{8169A350-6F30-464D-87BE-145905F9B80B}.Release|Any CPU.Build.0 = Release|Any CPU
	EndGlobalSection
	GlobalSection(SolutionProperties) = preSolution
		HideSolutionNode = FALSE
	EndGlobalSection
EndGlobal
