
Microsoft Visual Studio Solution File, Format Version 12.00
# Visual Studio 2013
VisualStudioVersion = 12.0.21005.1
MinimumVisualStudioVersion = 10.0.40219.1
Project("{FAE04EC0-301F-11D3-BF4B-00C04F79EFBC}") = "SyncOMatic", "SyncOMatic\SyncOMatic.csproj", "{FA94AA77-F599-4740-BE67-0A2EE629047E}"
EndProject
Project("{FAE04EC0-301F-11D3-BF4B-00C04F79EFBC}") = "SyncOMatic.Tests", "SyncOMatic.Tests\SyncOMatic.Tests.csproj", "{8169A350-6F30-464D-87BE-145905F9B80B}"
EndProject
Project("{2150E333-8FDC-42A3-9474-1A3956D46DE8}") = ".nuget", ".nuget", "{733EC439-CC37-4762-A020-12E602B7DEC2}"
	ProjectSection(SolutionItems) = preProject
		.nuget\packages.config = .nuget\packages.config
	EndProjectSection
EndProject
Project("{2150E333-8FDC-42A3-9474-1A3956D46DE8}") = "Solution Items", "Solution Items", "{60FB9C77-9EA7-4F79-97E3-D9411F31CBBF}"
	ProjectSection(SolutionItems) = preProject
		..\packaging\nuget\SyncOMatic.nuspec = ..\packaging\nuget\SyncOMatic.nuspec
	EndProjectSection
EndProject
Global
	GlobalSection(SolutionConfigurationPlatforms) = preSolution
		Debug|Any CPU = Debug|Any CPU
		Release|Any CPU = Release|Any CPU
	EndGlobalSection
	GlobalSection(ProjectConfigurationPlatforms) = postSolution
		{FA94AA77-F599-4740-BE67-0A2EE629047E}.Debug|Any CPU.ActiveCfg = Debug|Any CPU
		{FA94AA77-F599-4740-BE67-0A2EE629047E}.Debug|Any CPU.Build.0 = Debug|Any CPU
		{FA94AA77-F599-4740-BE67-0A2EE629047E}.Release|Any CPU.ActiveCfg = Release|Any CPU
		{FA94AA77-F599-4740-BE67-0A2EE629047E}.Release|Any CPU.Build.0 = Release|Any CPU
		{8169A350-6F30-464D-87BE-145905F9B80B}.Debug|Any CPU.ActiveCfg = Debug|Any CPU
		{8169A350-6F30-464D-87BE-145905F9B80B}.Debug|Any CPU.Build.0 = Debug|Any CPU
		{8169A350-6F30-464D-87BE-145905F9B80B}.Release|Any CPU.ActiveCfg = Release|Any CPU
		{8169A350-6F30-464D-87BE-145905F9B80B}.Release|Any CPU.Build.0 = Release|Any CPU
	EndGlobalSection
	GlobalSection(SolutionProperties) = preSolution
		HideSolutionNode = FALSE
	EndGlobalSection
EndGlobal
